
Microsoft Visual Studio Solution File, Format Version 12.00
# Visual Studio Version 16
VisualStudioVersion = 16.0.28803.452
MinimumVisualStudioVersion = 10.0.40219.1
Project("{FAE04EC0-301F-11D3-BF4B-00C04F79EFBC}") = "TestMasterDetail.UWP", "TestMasterDetail\TestMasterDetail.UWP\TestMasterDetail.UWP.csproj", "{C52E5EF9-1794-4B45-9985-FD6D46D0F9A3}"
EndProject
Project("{FAE04EC0-301F-11D3-BF4B-00C04F79EFBC}") = "TestMasterDetail.Android", "TestMasterDetail\TestMasterDetail.Android\TestMasterDetail.Android.csproj", "{83A3A26F-681A-400C-A2CF-18D169B5733C}"
EndProject
Project("{FAE04EC0-301F-11D3-BF4B-00C04F79EFBC}") = "TestMasterDetail.iOS", "TestMasterDetail\TestMasterDetail.iOS\TestMasterDetail.iOS.csproj", "{3CCBAF29-BA29-4B7D-95E0-643C80E2A0F6}"
EndProject
Project("{FAE04EC0-301F-11D3-BF4B-00C04F79EFBC}") = "TestMasterDetail", "TestMasterDetail\TestMasterDetail\TestMasterDetail.csproj", "{8A4B0A7A-F6E0-4DD1-99C8-D48010FDD37D}"
EndProject
Global
	GlobalSection(SolutionConfigurationPlatforms) = preSolution
		Debug|Any CPU = Debug|Any CPU
		Debug|ARM = Debug|ARM
		Debug|iPhone = Debug|iPhone
		Debug|iPhoneSimulator = Debug|iPhoneSimulator
		Debug|x64 = Debug|x64
		Debug|x86 = Debug|x86
		Release|Any CPU = Release|Any CPU
		Release|ARM = Release|ARM
		Release|iPhone = Release|iPhone
		Release|iPhoneSimulator = Release|iPhoneSimulator
		Release|x64 = Release|x64
		Release|x86 = Release|x86
	EndGlobalSection
	GlobalSection(ProjectConfigurationPlatforms) = postSolution
		{C52E5EF9-1794-4B45-9985-FD6D46D0F9A3}.Debug|Any CPU.ActiveCfg = Debug|x86
		{C52E5EF9-1794-4B45-9985-FD6D46D0F9A3}.Debug|Any CPU.Build.0 = Debug|x86
		{C52E5EF9-1794-4B45-9985-FD6D46D0F9A3}.Debug|Any CPU.Deploy.0 = Debug|x86
		{C52E5EF9-1794-4B45-9985-FD6D46D0F9A3}.Debug|ARM.ActiveCfg = Debug|ARM
		{C52E5EF9-1794-4B45-9985-FD6D46D0F9A3}.Debug|ARM.Build.0 = Debug|ARM
		{C52E5EF9-1794-4B45-9985-FD6D46D0F9A3}.Debug|ARM.Deploy.0 = Debug|ARM
		{C52E5EF9-1794-4B45-9985-FD6D46D0F9A3}.Debug|iPhone.ActiveCfg = Debug|x86
		{C52E5EF9-1794-4B45-9985-FD6D46D0F9A3}.Debug|iPhone.Build.0 = Debug|x86
		{C52E5EF9-1794-4B45-9985-FD6D46D0F9A3}.Debug|iPhone.Deploy.0 = Debug|x86
		{C52E5EF9-1794-4B45-9985-FD6D46D0F9A3}.Debug|iPhoneSimulator.ActiveCfg = Debug|x86
		{C52E5EF9-1794-4B45-9985-FD6D46D0F9A3}.Debug|iPhoneSimulator.Build.0 = Debug|x86
		{C52E5EF9-1794-4B45-9985-FD6D46D0F9A3}.Debug|iPhoneSimulator.Deploy.0 = Debug|x86
		{C52E5EF9-1794-4B45-9985-FD6D46D0F9A3}.Debug|x64.ActiveCfg = Debug|x64
		{C52E5EF9-1794-4B45-9985-FD6D46D0F9A3}.Debug|x64.Build.0 = Debug|x64
		{C52E5EF9-1794-4B45-9985-FD6D46D0F9A3}.Debug|x64.Deploy.0 = Debug|x64
		{C52E5EF9-1794-4B45-9985-FD6D46D0F9A3}.Debug|x86.ActiveCfg = Debug|x86
		{C52E5EF9-1794-4B45-9985-FD6D46D0F9A3}.Debug|x86.Build.0 = Debug|x86
		{C52E5EF9-1794-4B45-9985-FD6D46D0F9A3}.Debug|x86.Deploy.0 = Debug|x86
		{C52E5EF9-1794-4B45-9985-FD6D46D0F9A3}.Release|Any CPU.ActiveCfg = Release|x86
		{C52E5EF9-1794-4B45-9985-FD6D46D0F9A3}.Release|Any CPU.Build.0 = Release|x86
		{C52E5EF9-1794-4B45-9985-FD6D46D0F9A3}.Release|Any CPU.Deploy.0 = Release|x86
		{C52E5EF9-1794-4B45-9985-FD6D46D0F9A3}.Release|ARM.ActiveCfg = Release|ARM
		{C52E5EF9-1794-4B45-9985-FD6D46D0F9A3}.Release|ARM.Build.0 = Release|ARM
		{C52E5EF9-1794-4B45-9985-FD6D46D0F9A3}.Release|ARM.Deploy.0 = Release|ARM
		{C52E5EF9-1794-4B45-9985-FD6D46D0F9A3}.Release|iPhone.ActiveCfg = Release|x86
		{C52E5EF9-1794-4B45-9985-FD6D46D0F9A3}.Release|iPhone.Build.0 = Release|x86
		{C52E5EF9-1794-4B45-9985-FD6D46D0F9A3}.Release|iPhone.Deploy.0 = Release|x86
		{C52E5EF9-1794-4B45-9985-FD6D46D0F9A3}.Release|iPhoneSimulator.ActiveCfg = Release|x86
		{C52E5EF9-1794-4B45-9985-FD6D46D0F9A3}.Release|iPhoneSimulator.Build.0 = Release|x86
		{C52E5EF9-1794-4B45-9985-FD6D46D0F9A3}.Release|iPhoneSimulator.Deploy.0 = Release|x86
		{C52E5EF9-1794-4B45-9985-FD6D46D0F9A3}.Release|x64.ActiveCfg = Release|x64
		{C52E5EF9-1794-4B45-9985-FD6D46D0F9A3}.Release|x64.Build.0 = Release|x64
		{C52E5EF9-1794-4B45-9985-FD6D46D0F9A3}.Release|x64.Deploy.0 = Release|x64
		{C52E5EF9-1794-4B45-9985-FD6D46D0F9A3}.Release|x86.ActiveCfg = Release|x86
		{C52E5EF9-1794-4B45-9985-FD6D46D0F9A3}.Release|x86.Build.0 = Release|x86
		{C52E5EF9-1794-4B45-9985-FD6D46D0F9A3}.Release|x86.Deploy.0 = Release|x86
		{83A3A26F-681A-400C-A2CF-18D169B5733C}.Debug|Any CPU.ActiveCfg = Debug|Any CPU
		{83A3A26F-681A-400C-A2CF-18D169B5733C}.Debug|Any CPU.Build.0 = Debug|Any CPU
		{83A3A26F-681A-400C-A2CF-18D169B5733C}.Debug|Any CPU.Deploy.0 = Debug|Any CPU
		{83A3A26F-681A-400C-A2CF-18D169B5733C}.Debug|ARM.ActiveCfg = Debug|Any CPU
		{83A3A26F-681A-400C-A2CF-18D169B5733C}.Debug|ARM.Build.0 = Debug|Any CPU
		{83A3A26F-681A-400C-A2CF-18D169B5733C}.Debug|ARM.Deploy.0 = Debug|Any CPU
		{83A3A26F-681A-400C-A2CF-18D169B5733C}.Debug|iPhone.ActiveCfg = Debug|Any CPU
		{83A3A26F-681A-400C-A2CF-18D169B5733C}.Debug|iPhone.Build.0 = Debug|Any CPU
		{83A3A26F-681A-400C-A2CF-18D169B5733C}.Debug|iPhone.Deploy.0 = Debug|Any CPU
		{83A3A26F-681A-400C-A2CF-18D169B5733C}.Debug|iPhoneSimulator.ActiveCfg = Debug|Any CPU
		{83A3A26F-681A-400C-A2CF-18D169B5733C}.Debug|iPhoneSimulator.Build.0 = Debug|Any CPU
		{83A3A26F-681A-400C-A2CF-18D169B5733C}.Debug|iPhoneSimulator.Deploy.0 = Debug|Any CPU
		{83A3A26F-681A-400C-A2CF-18D169B5733C}.Debug|x64.ActiveCfg = Debug|Any CPU
		{83A3A26F-681A-400C-A2CF-18D169B5733C}.Debug|x64.Build.0 = Debug|Any CPU
		{83A3A26F-681A-400C-A2CF-18D169B5733C}.Debug|x64.Deploy.0 = Debug|Any CPU
		{83A3A26F-681A-400C-A2CF-18D169B5733C}.Debug|x86.ActiveCfg = Debug|Any CPU
		{83A3A26F-681A-400C-A2CF-18D169B5733C}.Debug|x86.Build.0 = Debug|Any CPU
		{83A3A26F-681A-400C-A2CF-18D169B5733C}.Debug|x86.Deploy.0 = Debug|Any CPU
		{83A3A26F-681A-400C-A2CF-18D169B5733C}.Release|Any CPU.ActiveCfg = Release|Any CPU
		{83A3A26F-681A-400C-A2CF-18D169B5733C}.Release|Any CPU.Build.0 = Release|Any CPU
		{83A3A26F-681A-400C-A2CF-18D169B5733C}.Release|Any CPU.Deploy.0 = Release|Any CPU
		{83A3A26F-681A-400C-A2CF-18D169B5733C}.Release|ARM.ActiveCfg = Release|Any CPU
		{83A3A26F-681A-400C-A2CF-18D169B5733C}.Release|ARM.Build.0 = Release|Any CPU
		{83A3A26F-681A-400C-A2CF-18D169B5733C}.Release|ARM.Deploy.0 = Release|Any CPU
		{83A3A26F-681A-400C-A2CF-18D169B5733C}.Release|iPhone.ActiveCfg = Release|Any CPU
		{83A3A26F-681A-400C-A2CF-18D169B5733C}.Release|iPhone.Build.0 = Release|Any CPU
		{83A3A26F-681A-400C-A2CF-18D169B5733C}.Release|iPhone.Deploy.0 = Release|Any CPU
		{83A3A26F-681A-400C-A2CF-18D169B5733C}.Release|iPhoneSimulator.ActiveCfg = Release|Any CPU
		{83A3A26F-681A-400C-A2CF-18D169B5733C}.Release|iPhoneSimulator.Build.0 = Release|Any CPU
		{83A3A26F-681A-400C-A2CF-18D169B5733C}.Release|iPhoneSimulator.Deploy.0 = Release|Any CPU
		{83A3A26F-681A-400C-A2CF-18D169B5733C}.Release|x64.ActiveCfg = Release|Any CPU
		{83A3A26F-681A-400C-A2CF-18D169B5733C}.Release|x64.Build.0 = Release|Any CPU
		{83A3A26F-681A-400C-A2CF-18D169B5733C}.Release|x64.Deploy.0 = Release|Any CPU
		{83A3A26F-681A-400C-A2CF-18D169B5733C}.Release|x86.ActiveCfg = Release|Any CPU
		{83A3A26F-681A-400C-A2CF-18D169B5733C}.Release|x86.Build.0 = Release|Any CPU
		{83A3A26F-681A-400C-A2CF-18D169B5733C}.Release|x86.Deploy.0 = Release|Any CPU
		{3CCBAF29-BA29-4B7D-95E0-643C80E2A0F6}.Debug|Any CPU.ActiveCfg = Debug|iPhone
		{3CCBAF29-BA29-4B7D-95E0-643C80E2A0F6}.Debug|Any CPU.Build.0 = Debug|iPhone
		{3CCBAF29-BA29-4B7D-95E0-643C80E2A0F6}.Debug|Any CPU.Deploy.0 = Debug|iPhone
		{3CCBAF29-BA29-4B7D-95E0-643C80E2A0F6}.Debug|ARM.ActiveCfg = Debug|iPhoneSimulator
		{3CCBAF29-BA29-4B7D-95E0-643C80E2A0F6}.Debug|ARM.Build.0 = Debug|iPhoneSimulator
		{3CCBAF29-BA29-4B7D-95E0-643C80E2A0F6}.Debug|ARM.Deploy.0 = Debug|iPhoneSimulator
		{3CCBAF29-BA29-4B7D-95E0-643C80E2A0F6}.Debug|iPhone.ActiveCfg = Debug|iPhone
		{3CCBAF29-BA29-4B7D-95E0-643C80E2A0F6}.Debug|iPhone.Build.0 = Debug|iPhone
		{3CCBAF29-BA29-4B7D-95E0-643C80E2A0F6}.Debug|iPhone.Deploy.0 = Debug|iPhone
		{3CCBAF29-BA29-4B7D-95E0-643C80E2A0F6}.Debug|iPhoneSimulator.ActiveCfg = Debug|iPhoneSimulator
		{3CCBAF29-BA29-4B7D-95E0-643C80E2A0F6}.Debug|iPhoneSimulator.Build.0 = Debug|iPhoneSimulator
		{3CCBAF29-BA29-4B7D-95E0-643C80E2A0F6}.Debug|iPhoneSimulator.Deploy.0 = Debug|iPhoneSimulator
		{3CCBAF29-BA29-4B7D-95E0-643C80E2A0F6}.Debug|x64.ActiveCfg = Debug|iPhone
		{3CCBAF29-BA29-4B7D-95E0-643C80E2A0F6}.Debug|x64.Build.0 = Debug|iPhone
		{3CCBAF29-BA29-4B7D-95E0-643C80E2A0F6}.Debug|x64.Deploy.0 = Debug|iPhone
		{3CCBAF29-BA29-4B7D-95E0-643C80E2A0F6}.Debug|x86.ActiveCfg = Debug|iPhone
		{3CCBAF29-BA29-4B7D-95E0-643C80E2A0F6}.Debug|x86.Build.0 = Debug|iPhone
		{3CCBAF29-BA29-4B7D-95E0-643C80E2A0F6}.Debug|x86.Deploy.0 = Debug|iPhone
		{3CCBAF29-BA29-4B7D-95E0-643C80E2A0F6}.Release|Any CPU.ActiveCfg = Release|iPhone
		{3CCBAF29-BA29-4B7D-95E0-643C80E2A0F6}.Release|Any CPU.Build.0 = Release|iPhone
		{3CCBAF29-BA29-4B7D-95E0-643C80E2A0F6}.Release|Any CPU.Deploy.0 = Release|iPhone
		{3CCBAF29-BA29-4B7D-95E0-643C80E2A0F6}.Release|ARM.ActiveCfg = Release|iPhone
		{3CCBAF29-BA29-4B7D-95E0-643C80E2A0F6}.Release|ARM.Build.0 = Release|iPhone
		{3CCBAF29-BA29-4B7D-95E0-643C80E2A0F6}.Release|ARM.Deploy.0 = Release|iPhone
		{3CCBAF29-BA29-4B7D-95E0-643C80E2A0F6}.Release|iPhone.ActiveCfg = Release|iPhone
		{3CCBAF29-BA29-4B7D-95E0-643C80E2A0F6}.Release|iPhone.Build.0 = Release|iPhone
		{3CCBAF29-BA29-4B7D-95E0-643C80E2A0F6}.Release|iPhone.Deploy.0 = Release|iPhone
		{3CCBAF29-BA29-4B7D-95E0-643C80E2A0F6}.Release|iPhoneSimulator.ActiveCfg = Release|iPhoneSimulator
		{3CCBAF29-BA29-4B7D-95E0-643C80E2A0F6}.Release|iPhoneSimulator.Build.0 = Release|iPhoneSimulator
		{3CCBAF29-BA29-4B7D-95E0-643C80E2A0F6}.Release|iPhoneSimulator.Deploy.0 = Release|iPhoneSimulator
		{3CCBAF29-BA29-4B7D-95E0-643C80E2A0F6}.Release|x64.ActiveCfg = Release|iPhone
		{3CCBAF29-BA29-4B7D-95E0-643C80E2A0F6}.Release|x64.Build.0 = Release|iPhone
		{3CCBAF29-BA29-4B7D-95E0-643C80E2A0F6}.Release|x64.Deploy.0 = Release|iPhone
		{3CCBAF29-BA29-4B7D-95E0-643C80E2A0F6}.Release|x86.ActiveCfg = Release|iPhone
		{3CCBAF29-BA29-4B7D-95E0-643C80E2A0F6}.Release|x86.Build.0 = Release|iPhone
		{3CCBAF29-BA29-4B7D-95E0-643C80E2A0F6}.Release|x86.Deploy.0 = Release|iPhone
		{8A4B0A7A-F6E0-4DD1-99C8-D48010FDD37D}.Debug|Any CPU.ActiveCfg = Debug|Any CPU
		{8A4B0A7A-F6E0-4DD1-99C8-D48010FDD37D}.Debug|Any CPU.Build.0 = Debug|Any CPU
		{8A4B0A7A-F6E0-4DD1-99C8-D48010FDD37D}.Debug|Any CPU.Deploy.0 = Debug|Any CPU
		{8A4B0A7A-F6E0-4DD1-99C8-D48010FDD37D}.Debug|ARM.ActiveCfg = Debug|Any CPU
		{8A4B0A7A-F6E0-4DD1-99C8-D48010FDD37D}.Debug|ARM.Build.0 = Debug|Any CPU
		{8A4B0A7A-F6E0-4DD1-99C8-D48010FDD37D}.Debug|ARM.Deploy.0 = Debug|Any CPU
		{8A4B0A7A-F6E0-4DD1-99C8-D48010FDD37D}.Debug|iPhone.ActiveCfg = Debug|Any CPU
		{8A4B0A7A-F6E0-4DD1-99C8-D48010FDD37D}.Debug|iPhone.Build.0 = Debug|Any CPU
		{8A4B0A7A-F6E0-4DD1-99C8-D48010FDD37D}.Debug|iPhone.Deploy.0 = Debug|Any CPU
		{8A4B0A7A-F6E0-4DD1-99C8-D48010FDD37D}.Debug|iPhoneSimulator.ActiveCfg = Debug|Any CPU
		{8A4B0A7A-F6E0-4DD1-99C8-D48010FDD37D}.Debug|iPhoneSimulator.Build.0 = Debug|Any CPU
		{8A4B0A7A-F6E0-4DD1-99C8-D48010FDD37D}.Debug|iPhoneSimulator.Deploy.0 = Debug|Any CPU
		{8A4B0A7A-F6E0-4DD1-99C8-D48010FDD37D}.Debug|x64.ActiveCfg = Debug|Any CPU
		{8A4B0A7A-F6E0-4DD1-99C8-D48010FDD37D}.Debug|x64.Build.0 = Debug|Any CPU
		{8A4B0A7A-F6E0-4DD1-99C8-D48010FDD37D}.Debug|x64.Deploy.0 = Debug|Any CPU
		{8A4B0A7A-F6E0-4DD1-99C8-D48010FDD37D}.Debug|x86.ActiveCfg = Debug|Any CPU
		{8A4B0A7A-F6E0-4DD1-99C8-D48010FDD37D}.Debug|x86.Build.0 = Debug|Any CPU
		{8A4B0A7A-F6E0-4DD1-99C8-D48010FDD37D}.Debug|x86.Deploy.0 = Debug|Any CPU
		{8A4B0A7A-F6E0-4DD1-99C8-D48010FDD37D}.Release|Any CPU.ActiveCfg = Release|Any CPU
		{8A4B0A7A-F6E0-4DD1-99C8-D48010FDD37D}.Release|Any CPU.Build.0 = Release|Any CPU
		{8A4B0A7A-F6E0-4DD1-99C8-D48010FDD37D}.Release|Any CPU.Deploy.0 = Release|Any CPU
		{8A4B0A7A-F6E0-4DD1-99C8-D48010FDD37D}.Release|ARM.ActiveCfg = Release|Any CPU
		{8A4B0A7A-F6E0-4DD1-99C8-D48010FDD37D}.Release|ARM.Build.0 = Release|Any CPU
		{8A4B0A7A-F6E0-4DD1-99C8-D48010FDD37D}.Release|ARM.Deploy.0 = Release|Any CPU
		{8A4B0A7A-F6E0-4DD1-99C8-D48010FDD37D}.Release|iPhone.ActiveCfg = Release|Any CPU
		{8A4B0A7A-F6E0-4DD1-99C8-D48010FDD37D}.Release|iPhone.Build.0 = Release|Any CPU
		{8A4B0A7A-F6E0-4DD1-99C8-D48010FDD37D}.Release|iPhone.Deploy.0 = Release|Any CPU
		{8A4B0A7A-F6E0-4DD1-99C8-D48010FDD37D}.Release|iPhoneSimulator.ActiveCfg = Release|Any CPU
		{8A4B0A7A-F6E0-4DD1-99C8-D48010FDD37D}.Release|iPhoneSimulator.Build.0 = Release|Any CPU
		{8A4B0A7A-F6E0-4DD1-99C8-D48010FDD37D}.Release|iPhoneSimulator.Deploy.0 = Release|Any CPU
		{8A4B0A7A-F6E0-4DD1-99C8-D48010FDD37D}.Release|x64.ActiveCfg = Release|Any CPU
		{8A4B0A7A-F6E0-4DD1-99C8-D48010FDD37D}.Release|x64.Build.0 = Release|Any CPU
		{8A4B0A7A-F6E0-4DD1-99C8-D48010FDD37D}.Release|x64.Deploy.0 = Release|Any CPU
		{8A4B0A7A-F6E0-4DD1-99C8-D48010FDD37D}.Release|x86.ActiveCfg = Release|Any CPU
		{8A4B0A7A-F6E0-4DD1-99C8-D48010FDD37D}.Release|x86.Build.0 = Release|Any CPU
		{8A4B0A7A-F6E0-4DD1-99C8-D48010FDD37D}.Release|x86.Deploy.0 = Release|Any CPU
	EndGlobalSection
	GlobalSection(SolutionProperties) = preSolution
		HideSolutionNode = FALSE
	EndGlobalSection
	GlobalSection(ExtensibilityGlobals) = postSolution
		SolutionGuid = {ED0E223F-A0EB-42BB-88D9-06D06BD17D06}
	EndGlobalSection
EndGlobal
